
Microsoft Visual Studio Solution File, Format Version 12.00
# Visual Studio 2012
Project("{FAE04EC0-301F-11D3-BF4B-00C04F79EFBC}") = "MatrixCalculator", "MatrixCalculator\MatrixCalculator.csproj", "{370E6765-DF53-4899-BBC6-2539E9861920}"
EndProject
Global
	GlobalSection(SolutionConfigurationPlatforms) = preSolution
		Debug|x86 = Debug|x86
		Release|x86 = Release|x86
	EndGlobalSection
	GlobalSection(ProjectConfigurationPlatforms) = postSolution
		{370E6765-DF53-4899-BBC6-2539E9861920}.Debug|x86.ActiveCfg = Debug|x86
		{370E6765-DF53-4899-BBC6-2539E9861920}.Debug|x86.Build.0 = Debug|x86
		{370E6765-DF53-4899-BBC6-2539E9861920}.Release|x86.ActiveCfg = Release|x86
		{370E6765-DF53-4899-BBC6-2539E9861920}.Release|x86.Build.0 = Release|x86
	EndGlobalSection
EndGlobal
